<?xml version="1.0" encoding="utf-8"?>
<Project ToolsVersion="4.0" xmlns="http://schemas.microsoft.com/developer/msbuild/2003">
  <ItemGroup>
    <Filter Include="Source Files">
      <UniqueIdentifier>{4FC737F1-C7A5-4376-A066-2A32D752A2FF}</UniqueIdentifier>
      <Extensions>cpp;c;cc;cxx;def;odl;idl;hpj;bat;asm;asmx</Extensions>
    </Filter>
    <Filter Include="Resource Files">
      <UniqueIdentifier>{67DA6AB6-F800-4c08-8B7A-83BB121AAD01}</UniqueIdentifier>
      <Extensions>rc;ico;cur;bmp;dlg;rc2;rct;bin;rgs;gif;jpg;jpeg;jpe;resx;tiff;tif;png;wav;mfcribbon-ms</Extensions>
    </Filter>
    <Filter Include="Source Files\HosekModelFiles">
      <UniqueIdentifier>{45fc04de-221c-40b3-8792-fcaa080dcf5d}</UniqueIdentifier>
    </Filter>
  </ItemGroup>
  <ItemGroup>
    <Text Include="ReadMe.txt" />
  </ItemGroup>
  <ItemGroup>
    <ClInclude Include="DaylightModel.h">
      <Filter>Source Files</Filter>
    </ClInclude>
    <ClInclude Include="DX11_interfaces_container.h">
      <Filter>Source Files</Filter>
    </ClInclude>
    <ClInclude Include="Resource.h">
      <Filter>Source Files</Filter>
    </ClInclude>
    <ClInclude Include="stdafx.h">
      <Filter>Source Files</Filter>
    </ClInclude>
    <ClInclude Include="targetver.h">
      <Filter>Source Files</Filter>
    </ClInclude>
    <ClInclude Include="EngineClass.h" />
    <ClInclude Include="loader_interface.h">
      <Filter>Source Files</Filter>
    </ClInclude>
    <ClInclude Include="meshes_textures_materials.h">
      <Filter>Source Files</Filter>
    </ClInclude>
    <ClInclude Include="ModelsManager.h">
      <Filter>Source Files</Filter>
    </ClInclude>
    <ClInclude Include="ObjectDeleter.h">
      <Filter>Source Files</Filter>
    </ClInclude>
    <ClInclude Include="ResourceContainer.h">
      <Filter>Source Files</Filter>
    </ClInclude>
    <ClInclude Include="HosekSkylightModel\ArHosekSkyModelData_RGB.h">
      <Filter>Source Files\HosekModelFiles</Filter>
    </ClInclude>
    <ClInclude Include="HosekSkylightModel\HosekSkyModel.h">
      <Filter>Source Files\HosekModelFiles</Filter>
    </ClInclude>
    <ClInclude Include="HosekSkylightModel\HosekSkyDome.h">
      <Filter>Source Files\HosekModelFiles</Filter>
    </ClInclude>
    <ClInclude Include="SkyDome.h">
      <Filter>Source Files</Filter>
    </ClInclude>
    <ClInclude Include="ConstantBuffersFormat.h">
      <Filter>Source Files</Filter>
    </ClInclude>
  </ItemGroup>
  <ItemGroup>
    <ClCompile Include="stdafx.cpp">
      <Filter>Source Files</Filter>
    </ClCompile>
    <ClCompile Include="DaylightModel.cpp">
      <Filter>Source Files</Filter>
    </ClCompile>
    <ClCompile Include="DX11_interfaces_container.cpp">
      <Filter>Source Files</Filter>
    </ClCompile>
    <ClCompile Include="EngineClass.cpp">
      <Filter>Source Files</Filter>
    </ClCompile>
    <ClCompile Include="BufferObject.cpp">
      <Filter>Source Files</Filter>
    </ClCompile>
    <ClCompile Include="ModelsManager.cpp">
      <Filter>Source Files</Filter>
    </ClCompile>
    <ClCompile Include="PixelShaderObject.cpp">
      <Filter>Source Files</Filter>
    </ClCompile>
    <ClCompile Include="VertexShaderObject.cpp">
      <Filter>Source Files</Filter>
    </ClCompile>
    <ClCompile Include="Model3DFromFile.cpp">
      <Filter>Source Files</Filter>
    </ClCompile>
    <ClCompile Include="MaterialObject.cpp">
      <Filter>Source Files</Filter>
    </ClCompile>
    <ClCompile Include="MeshPartObject.cpp">
      <Filter>Source Files</Filter>
    </ClCompile>
    <ClCompile Include="TextureObject.cpp">
      <Filter>Source Files</Filter>
    </ClCompile>
    <ClCompile Include="HosekSkylightModel\HosekSkylightModel.cpp">
      <Filter>Source Files\HosekModelFiles</Filter>
    </ClCompile>
    <ClCompile Include="HosekSkylightModel\HosekSkyDome.cpp">
      <Filter>Source Files\HosekModelFiles</Filter>
    </ClCompile>
  </ItemGroup>
  <ItemGroup>
    <ResourceCompile Include="DaylightModel.rc">
      <Filter>Resource Files</Filter>
    </ResourceCompile>
  </ItemGroup>
  <ItemGroup>
    <Image Include="small.ico">
      <Filter>Resource Files</Filter>
    </Image>
    <Image Include="DaylightModel.ico">
      <Filter>Resource Files</Filter>
    </Image>
  </ItemGroup>
</Project>